// !$*UTF8*$!
{
	archiveVersion = 1;
	classes = {
	};
	objectVersion = 46;
	objects = {

/* Begin PBXBuildFile section */
		2910B1461FA99EA8005973F2 /* ImageShowController.swift in Sources */ = {isa = PBXBuildFile; fileRef = 2910B1451FA99EA8005973F2 /* ImageShowController.swift */; };
		29507B5D1FA8C57A00657E02 /* AppDelegate.swift in Sources */ = {isa = PBXBuildFile; fileRef = 29507B5C1FA8C57A00657E02 /* AppDelegate.swift */; };
		29507B5F1FA8C57A00657E02 /* ViewController.swift in Sources */ = {isa = PBXBuildFile; fileRef = 29507B5E1FA8C57A00657E02 /* ViewController.swift */; };
		29507B621FA8C57A00657E02 /* Main.storyboard in Resources */ = {isa = PBXBuildFile; fileRef = 29507B601FA8C57A00657E02 /* Main.storyboard */; };
		29507B641FA8C57A00657E02 /* Assets.xcassets in Resources */ = {isa = PBXBuildFile; fileRef = 29507B631FA8C57A00657E02 /* Assets.xcassets */; };
		29507B671FA8C57A00657E02 /* LaunchScreen.storyboard in Resources */ = {isa = PBXBuildFile; fileRef = 29507B651FA8C57A00657E02 /* LaunchScreen.storyboard */; };
		29507B721FA8C57A00657E02 /* ImageMovingTests.swift in Sources */ = {isa = PBXBuildFile; fileRef = 29507B711FA8C57A00657E02 /* ImageMovingTests.swift */; };
		29507B7D1FA8C57A00657E02 /* ImageMovingUITests.swift in Sources */ = {isa = PBXBuildFile; fileRef = 29507B7C1FA8C57A00657E02 /* ImageMovingUITests.swift */; };
		29507B8B1FA8C7D900657E02 /* ObjectView.swift in Sources */ = {isa = PBXBuildFile; fileRef = 29507B8A1FA8C7D900657E02 /* ObjectView.swift */; };
		498B5E781FC8358200365D14 /* CategoryClass.swift in Sources */ = {isa = PBXBuildFile; fileRef = 498B5E771FC8358200365D14 /* CategoryClass.swift */; };
		498B5E871FC835A400365D14 /* CustomLoadView.swift in Sources */ = {isa = PBXBuildFile; fileRef = 498B5E7A1FC835A300365D14 /* CustomLoadView.swift */; };
		498B5E881FC835A400365D14 /* WebManager.swift in Sources */ = {isa = PBXBuildFile; fileRef = 498B5E7C1FC835A300365D14 /* WebManager.swift */; };
		498B5E891FC835A400365D14 /* CategoryClass.swift in Sources */ = {isa = PBXBuildFile; fileRef = 498B5E7E1FC835A300365D14 /* CategoryClass.swift */; };
		498B5E8A1FC835A400365D14 /* UIImageViewLazyLoad.swift in Sources */ = {isa = PBXBuildFile; fileRef = 498B5E801FC835A300365D14 /* UIImageViewLazyLoad.swift */; };
		498B5E8B1FC835A400365D14 /* CustomRatingStarView.swift in Sources */ = {isa = PBXBuildFile; fileRef = 498B5E821FC835A400365D14 /* CustomRatingStarView.swift */; };
		498B5E8C1FC835A400365D14 /* LocationUpdater.swift in Sources */ = {isa = PBXBuildFile; fileRef = 498B5E841FC835A400365D14 /* LocationUpdater.swift */; };
		498B5E8D1FC835A400365D14 /* UserInfo.swift in Sources */ = {isa = PBXBuildFile; fileRef = 498B5E861FC835A400365D14 /* UserInfo.swift */; };
/* End PBXBuildFile section */

/* Begin PBXContainerItemProxy section */
		29507B6E1FA8C57A00657E02 /* PBXContainerItemProxy */ = {
			isa = PBXContainerItemProxy;
			containerPortal = 29507B511FA8C57A00657E02 /* Project object */;
			proxyType = 1;
			remoteGlobalIDString = 29507B581FA8C57A00657E02;
			remoteInfo = ImageMoving;
		};
		29507B791FA8C57A00657E02 /* PBXContainerItemProxy */ = {
			isa = PBXContainerItemProxy;
			containerPortal = 29507B511FA8C57A00657E02 /* Project object */;
			proxyType = 1;
			remoteGlobalIDString = 29507B581FA8C57A00657E02;
			remoteInfo = ImageMoving;
		};
/* End PBXContainerItemProxy section */

/* Begin PBXFileReference section */
		2910B1451FA99EA8005973F2 /* ImageShowController.swift */ = {isa = PBXFileReference; fileEncoding = 4; lastKnownFileType = sourcecode.swift; path = ImageShowController.swift; sourceTree = "<group>"; };
		29507B591FA8C57A00657E02 /* ImageMoving.app */ = {isa = PBXFileReference; explicitFileType = wrapper.application; includeInIndex = 0; path = ImageMoving.app; sourceTree = BUILT_PRODUCTS_DIR; };
		29507B5C1FA8C57A00657E02 /* AppDelegate.swift */ = {isa = PBXFileReference; lastKnownFileType = sourcecode.swift; path = AppDelegate.swift; sourceTree = "<group>"; };
		29507B5E1FA8C57A00657E02 /* ViewController.swift */ = {isa = PBXFileReference; lastKnownFileType = sourcecode.swift; path = ViewController.swift; sourceTree = "<group>"; };
		29507B611FA8C57A00657E02 /* Base */ = {isa = PBXFileReference; lastKnownFileType = file.storyboard; name = Base; path = Base.lproj/Main.storyboard; sourceTree = "<group>"; };
		29507B631FA8C57A00657E02 /* Assets.xcassets */ = {isa = PBXFileReference; lastKnownFileType = folder.assetcatalog; path = Assets.xcassets; sourceTree = "<group>"; };
		29507B661FA8C57A00657E02 /* Base */ = {isa = PBXFileReference; lastKnownFileType = file.storyboard; name = Base; path = Base.lproj/LaunchScreen.storyboard; sourceTree = "<group>"; };
		29507B681FA8C57A00657E02 /* Info.plist */ = {isa = PBXFileReference; lastKnownFileType = text.plist.xml; path = Info.plist; sourceTree = "<group>"; };
		29507B6D1FA8C57A00657E02 /* ImageMovingTests.xctest */ = {isa = PBXFileReference; explicitFileType = wrapper.cfbundle; includeInIndex = 0; path = ImageMovingTests.xctest; sourceTree = BUILT_PRODUCTS_DIR; };
		29507B711FA8C57A00657E02 /* ImageMovingTests.swift */ = {isa = PBXFileReference; lastKnownFileType = sourcecode.swift; path = ImageMovingTests.swift; sourceTree = "<group>"; };
		29507B731FA8C57A00657E02 /* Info.plist */ = {isa = PBXFileReference; lastKnownFileType = text.plist.xml; path = Info.plist; sourceTree = "<group>"; };
		29507B781FA8C57A00657E02 /* ImageMovingUITests.xctest */ = {isa = PBXFileReference; explicitFileType = wrapper.cfbundle; includeInIndex = 0; path = ImageMovingUITests.xctest; sourceTree = BUILT_PRODUCTS_DIR; };
		29507B7C1FA8C57A00657E02 /* ImageMovingUITests.swift */ = {isa = PBXFileReference; lastKnownFileType = sourcecode.swift; path = ImageMovingUITests.swift; sourceTree = "<group>"; };
		29507B7E1FA8C57A00657E02 /* Info.plist */ = {isa = PBXFileReference; lastKnownFileType = text.plist.xml; path = Info.plist; sourceTree = "<group>"; };
		29507B8A1FA8C7D900657E02 /* ObjectView.swift */ = {isa = PBXFileReference; fileEncoding = 4; lastKnownFileType = sourcecode.swift; path = ObjectView.swift; sourceTree = "<group>"; };
		498B5E771FC8358200365D14 /* CategoryClass.swift */ = {isa = PBXFileReference; fileEncoding = 4; lastKnownFileType = sourcecode.swift; path = CategoryClass.swift; sourceTree = "<group>"; };
		498B5E7A1FC835A300365D14 /* CustomLoadView.swift */ = {isa = PBXFileReference; fileEncoding = 4; lastKnownFileType = sourcecode.swift; path = CustomLoadView.swift; sourceTree = "<group>"; };
		498B5E7C1FC835A300365D14 /* WebManager.swift */ = {isa = PBXFileReference; fileEncoding = 4; lastKnownFileType = sourcecode.swift; path = WebManager.swift; sourceTree = "<group>"; };
		498B5E7E1FC835A300365D14 /* CategoryClass.swift */ = {isa = PBXFileReference; fileEncoding = 4; lastKnownFileType = sourcecode.swift; path = CategoryClass.swift; sourceTree = "<group>"; };
		498B5E801FC835A300365D14 /* UIImageViewLazyLoad.swift */ = {isa = PBXFileReference; fileEncoding = 4; lastKnownFileType = sourcecode.swift; path = UIImageViewLazyLoad.swift; sourceTree = "<group>"; };
		498B5E821FC835A400365D14 /* CustomRatingStarView.swift */ = {isa = PBXFileReference; fileEncoding = 4; lastKnownFileType = sourcecode.swift; path = CustomRatingStarView.swift; sourceTree = "<group>"; };
		498B5E841FC835A400365D14 /* LocationUpdater.swift */ = {isa = PBXFileReference; fileEncoding = 4; lastKnownFileType = sourcecode.swift; path = LocationUpdater.swift; sourceTree = "<group>"; };
		498B5E861FC835A400365D14 /* UserInfo.swift */ = {isa = PBXFileReference; fileEncoding = 4; lastKnownFileType = sourcecode.swift; path = UserInfo.swift; sourceTree = "<group>"; };
/* End PBXFileReference section */

/* Begin PBXFrameworksBuildPhase section */
		29507B561FA8C57A00657E02 /* Frameworks */ = {
			isa = PBXFrameworksBuildPhase;
			buildActionMask = 2147483647;
			files = (
			);
			runOnlyForDeploymentPostprocessing = 0;
		};
		29507B6A1FA8C57A00657E02 /* Frameworks */ = {
			isa = PBXFrameworksBuildPhase;
			buildActionMask = 2147483647;
			files = (
			);
			runOnlyForDeploymentPostprocessing = 0;
		};
		29507B751FA8C57A00657E02 /* Frameworks */ = {
			isa = PBXFrameworksBuildPhase;
			buildActionMask = 2147483647;
			files = (
			);
			runOnlyForDeploymentPostprocessing = 0;
		};
/* End PBXFrameworksBuildPhase section */

/* Begin PBXGroup section */
		29507B501FA8C57A00657E02 = {
			isa = PBXGroup;
			children = (
				29507B5B1FA8C57A00657E02 /* ImageMoving */,
				29507B701FA8C57A00657E02 /* ImageMovingTests */,
				29507B7B1FA8C57A00657E02 /* ImageMovingUITests */,
				29507B5A1FA8C57A00657E02 /* Products */,
			);
			sourceTree = "<group>";
		};
		29507B5A1FA8C57A00657E02 /* Products */ = {
			isa = PBXGroup;
			children = (
				29507B591FA8C57A00657E02 /* ImageMoving.app */,
				29507B6D1FA8C57A00657E02 /* ImageMovingTests.xctest */,
				29507B781FA8C57A00657E02 /* ImageMovingUITests.xctest */,
			);
			name = Products;
			sourceTree = "<group>";
		};
		29507B5B1FA8C57A00657E02 /* ImageMoving */ = {
			isa = PBXGroup;
			children = (
				29507B5C1FA8C57A00657E02 /* AppDelegate.swift */,
				29507B5E1FA8C57A00657E02 /* ViewController.swift */,
				2910B1451FA99EA8005973F2 /* ImageShowController.swift */,
				498B5E761FC8358200365D14 /* CategoryClass */,
				498B5E7D1FC835A300365D14 /* CategoryClass */,
				498B5E791FC835A300365D14 /* CustomLoadView */,
				498B5E811FC835A400365D14 /* CustomRatingStarView */,
				498B5E831FC835A400365D14 /* LocationUpdater */,
				498B5E7F1FC835A300365D14 /* UIImageViewLazyLoad */,
				498B5E851FC835A400365D14 /* UserInfo */,
				498B5E7B1FC835A300365D14 /* WebManager */,
				29507B601FA8C57A00657E02 /* Main.storyboard */,
				29507B631FA8C57A00657E02 /* Assets.xcassets */,
				29507B651FA8C57A00657E02 /* LaunchScreen.storyboard */,
				29507B681FA8C57A00657E02 /* Info.plist */,
				29507B8A1FA8C7D900657E02 /* ObjectView.swift */,
			);
			path = ImageMoving;
			sourceTree = "<group>";
		};
		29507B701FA8C57A00657E02 /* ImageMovingTests */ = {
			isa = PBXGroup;
			children = (
				29507B711FA8C57A00657E02 /* ImageMovingTests.swift */,
				29507B731FA8C57A00657E02 /* Info.plist */,
			);
			path = ImageMovingTests;
			sourceTree = "<group>";
		};
		29507B7B1FA8C57A00657E02 /* ImageMovingUITests */ = {
			isa = PBXGroup;
			children = (
				29507B7C1FA8C57A00657E02 /* ImageMovingUITests.swift */,
				29507B7E1FA8C57A00657E02 /* Info.plist */,
			);
			path = ImageMovingUITests;
			sourceTree = "<group>";
		};
		498B5E761FC8358200365D14 /* CategoryClass */ = {
			isa = PBXGroup;
			children = (
				498B5E771FC8358200365D14 /* CategoryClass.swift */,
			);
			path = CategoryClass;
			sourceTree = "<group>";
		};
		498B5E791FC835A300365D14 /* CustomLoadView */ = {
			isa = PBXGroup;
			children = (
				498B5E7A1FC835A300365D14 /* CustomLoadView.swift */,
			);
			path = CustomLoadView;
			sourceTree = "<group>";
		};
		498B5E7B1FC835A300365D14 /* WebManager */ = {
			isa = PBXGroup;
			children = (
				498B5E7C1FC835A300365D14 /* WebManager.swift */,
			);
			path = WebManager;
			sourceTree = "<group>";
		};
		498B5E7D1FC835A300365D14 /* CategoryClass */ = {
			isa = PBXGroup;
			children = (
				498B5E7E1FC835A300365D14 /* CategoryClass.swift */,
			);
			name = CategoryClass;
			path = ../../HellowLithuania_New_Git/HelloLithuania/CategoryClass;
			sourceTree = "<group>";
		};
		498B5E7F1FC835A300365D14 /* UIImageViewLazyLoad */ = {
			isa = PBXGroup;
			children = (
				498B5E801FC835A300365D14 /* UIImageViewLazyLoad.swift */,
			);
			path = UIImageViewLazyLoad;
			sourceTree = "<group>";
		};
		498B5E811FC835A400365D14 /* CustomRatingStarView */ = {
			isa = PBXGroup;
			children = (
				498B5E821FC835A400365D14 /* CustomRatingStarView.swift */,
			);
			path = CustomRatingStarView;
			sourceTree = "<group>";
		};
		498B5E831FC835A400365D14 /* LocationUpdater */ = {
			isa = PBXGroup;
			children = (
				498B5E841FC835A400365D14 /* LocationUpdater.swift */,
			);
			path = LocationUpdater;
			sourceTree = "<group>";
		};
		498B5E851FC835A400365D14 /* UserInfo */ = {
			isa = PBXGroup;
			children = (
				498B5E861FC835A400365D14 /* UserInfo.swift */,
			);
			path = UserInfo;
			sourceTree = "<group>";
		};
/* End PBXGroup section */

/* Begin PBXNativeTarget section */
		29507B581FA8C57A00657E02 /* ImageMoving */ = {
			isa = PBXNativeTarget;
			buildConfigurationList = 29507B811FA8C57A00657E02 /* Build configuration list for PBXNativeTarget "ImageMoving" */;
			buildPhases = (
				29507B551FA8C57A00657E02 /* Sources */,
				29507B561FA8C57A00657E02 /* Frameworks */,
				29507B571FA8C57A00657E02 /* Resources */,
			);
			buildRules = (
			);
			dependencies = (
			);
			name = ImageMoving;
			productName = ImageMoving;
			productReference = 29507B591FA8C57A00657E02 /* ImageMoving.app */;
			productType = "com.apple.product-type.application";
		};
		29507B6C1FA8C57A00657E02 /* ImageMovingTests */ = {
			isa = PBXNativeTarget;
			buildConfigurationList = 29507B841FA8C57A00657E02 /* Build configuration list for PBXNativeTarget "ImageMovingTests" */;
			buildPhases = (
				29507B691FA8C57A00657E02 /* Sources */,
				29507B6A1FA8C57A00657E02 /* Frameworks */,
				29507B6B1FA8C57A00657E02 /* Resources */,
			);
			buildRules = (
			);
			dependencies = (
				29507B6F1FA8C57A00657E02 /* PBXTargetDependency */,
			);
			name = ImageMovingTests;
			productName = ImageMovingTests;
			productReference = 29507B6D1FA8C57A00657E02 /* ImageMovingTests.xctest */;
			productType = "com.apple.product-type.bundle.unit-test";
		};
		29507B771FA8C57A00657E02 /* ImageMovingUITests */ = {
			isa = PBXNativeTarget;
			buildConfigurationList = 29507B871FA8C57A00657E02 /* Build configuration list for PBXNativeTarget "ImageMovingUITests" */;
			buildPhases = (
				29507B741FA8C57A00657E02 /* Sources */,
				29507B751FA8C57A00657E02 /* Frameworks */,
				29507B761FA8C57A00657E02 /* Resources */,
			);
			buildRules = (
			);
			dependencies = (
				29507B7A1FA8C57A00657E02 /* PBXTargetDependency */,
			);
			name = ImageMovingUITests;
			productName = ImageMovingUITests;
			productReference = 29507B781FA8C57A00657E02 /* ImageMovingUITests.xctest */;
			productType = "com.apple.product-type.bundle.ui-testing";
		};
/* End PBXNativeTarget section */

/* Begin PBXProject section */
		29507B511FA8C57A00657E02 /* Project object */ = {
			isa = PBXProject;
			attributes = {
				LastSwiftUpdateCheck = 0830;
				LastUpgradeCheck = 0830;
				ORGANIZATIONNAME = VAP;
				TargetAttributes = {
					29507B581FA8C57A00657E02 = {
						CreatedOnToolsVersion = 8.3.2;
						DevelopmentTeam = AHRMY62794;
						ProvisioningStyle = Automatic;
					};
					29507B6C1FA8C57A00657E02 = {
						CreatedOnToolsVersion = 8.3.2;
						ProvisioningStyle = Automatic;
						TestTargetID = 29507B581FA8C57A00657E02;
					};
					29507B771FA8C57A00657E02 = {
						CreatedOnToolsVersion = 8.3.2;
						ProvisioningStyle = Automatic;
						TestTargetID = 29507B581FA8C57A00657E02;
					};
				};
			};
			buildConfigurationList = 29507B541FA8C57A00657E02 /* Build configuration list for PBXProject "ImageMoving" */;
			compatibilityVersion = "Xcode 3.2";
			developmentRegion = English;
			hasScannedForEncodings = 0;
			knownRegions = (
				en,
				Base,
			);
			mainGroup = 29507B501FA8C57A00657E02;
			productRefGroup = 29507B5A1FA8C57A00657E02 /* Products */;
			projectDirPath = "";
			projectRoot = "";
			targets = (
				29507B581FA8C57A00657E02 /* ImageMoving */,
				29507B6C1FA8C57A00657E02 /* ImageMovingTests */,
				29507B771FA8C57A00657E02 /* ImageMovingUITests */,
			);
		};
/* End PBXProject section */

/* Begin PBXResourcesBuildPhase section */
		29507B571FA8C57A00657E02 /* Resources */ = {
			isa = PBXResourcesBuildPhase;
			buildActionMask = 2147483647;
			files = (
				29507B671FA8C57A00657E02 /* LaunchScreen.storyboard in Resources */,
				29507B641FA8C57A00657E02 /* Assets.xcassets in Resources */,
				29507B621FA8C57A00657E02 /* Main.storyboard in Resources */,
			);
			runOnlyForDeploymentPostprocessing = 0;
		};
		29507B6B1FA8C57A00657E02 /* Resources */ = {
			isa = PBXResourcesBuildPhase;
			buildActionMask = 2147483647;
			files = (
			);
			runOnlyForDeploymentPostprocessing = 0;
		};
		29507B761FA8C57A00657E02 /* Resources */ = {
			isa = PBXResourcesBuildPhase;
			buildActionMask = 2147483647;
			files = (
			);
			runOnlyForDeploymentPostprocessing = 0;
		};
/* End PBXResourcesBuildPhase section */

/* Begin PBXSourcesBuildPhase section */
		29507B551FA8C57A00657E02 /* Sources */ = {
			isa = PBXSourcesBuildPhase;
			buildActionMask = 2147483647;
			files = (
				498B5E881FC835A400365D14 /* WebManager.swift in Sources */,
				2910B1461FA99EA8005973F2 /* ImageShowController.swift in Sources */,
				498B5E891FC835A400365D14 /* CategoryClass.swift in Sources */,
				498B5E781FC8358200365D14 /* CategoryClass.swift in Sources */,
				498B5E8D1FC835A400365D14 /* UserInfo.swift in Sources */,
				498B5E8B1FC835A400365D14 /* CustomRatingStarView.swift in Sources */,
				29507B5F1FA8C57A00657E02 /* ViewController.swift in Sources */,
				498B5E8A1FC835A400365D14 /* UIImageViewLazyLoad.swift in Sources */,
				498B5E8C1FC835A400365D14 /* LocationUpdater.swift in Sources */,
				498B5E871FC835A400365D14 /* CustomLoadView.swift in Sources */,
				29507B8B1FA8C7D900657E02 /* ObjectView.swift in Sources */,
				29507B5D1FA8C57A00657E02 /* AppDelegate.swift in Sources */,
			);
			runOnlyForDeploymentPostprocessing = 0;
		};
		29507B691FA8C57A00657E02 /* Sources */ = {
			isa = PBXSourcesBuildPhase;
			buildActionMask = 2147483647;
			files = (
				29507B721FA8C57A00657E02 /* ImageMovingTests.swift in Sources */,
			);
			runOnlyForDeploymentPostprocessing = 0;
		};
		29507B741FA8C57A00657E02 /* Sources */ = {
			isa = PBXSourcesBuildPhase;
			buildActionMask = 2147483647;
			files = (
				29507B7D1FA8C57A00657E02 /* ImageMovingUITests.swift in Sources */,
			);
			runOnlyForDeploymentPostprocessing = 0;
		};
/* End PBXSourcesBuildPhase section */

/* Begin PBXTargetDependency section */
		29507B6F1FA8C57A00657E02 /* PBXTargetDependency */ = {
			isa = PBXTargetDependency;
			target = 29507B581FA8C57A00657E02 /* ImageMoving */;
			targetProxy = 29507B6E1FA8C57A00657E02 /* PBXContainerItemProxy */;
		};
		29507B7A1FA8C57A00657E02 /* PBXTargetDependency */ = {
			isa = PBXTargetDependency;
			target = 29507B581FA8C57A00657E02 /* ImageMoving */;
			targetProxy = 29507B791FA8C57A00657E02 /* PBXContainerItemProxy */;
		};
/* End PBXTargetDependency section */

/* Begin PBXVariantGroup section */
		29507B601FA8C57A00657E02 /* Main.storyboard */ = {
			isa = PBXVariantGroup;
			children = (
				29507B611FA8C57A00657E02 /* Base */,
			);
			name = Main.storyboard;
			sourceTree = "<group>";
		};
		29507B651FA8C57A00657E02 /* LaunchScreen.storyboard */ = {
			isa = PBXVariantGroup;
			children = (
				29507B661FA8C57A00657E02 /* Base */,
			);
			name = LaunchScreen.storyboard;
			sourceTree = "<group>";
		};
/* End PBXVariantGroup section */

/* Begin XCBuildConfiguration section */
		29507B7F1FA8C57A00657E02 /* Debug */ = {
			isa = XCBuildConfiguration;
			buildSettings = {
				ALWAYS_SEARCH_USER_PATHS = NO;
				CLANG_ANALYZER_NONNULL = YES;
				CLANG_ANALYZER_NUMBER_OBJECT_CONVERSION = YES_AGGRESSIVE;
				CLANG_CXX_LANGUAGE_STANDARD = "gnu++0x";
				CLANG_CXX_LIBRARY = "libc++";
				CLANG_ENABLE_MODULES = YES;
				CLANG_ENABLE_OBJC_ARC = YES;
				CLANG_WARN_BOOL_CONVERSION = YES;
				CLANG_WARN_CONSTANT_CONVERSION = YES;
				CLANG_WARN_DIRECT_OBJC_ISA_USAGE = YES_ERROR;
				CLANG_WARN_DOCUMENTATION_COMMENTS = YES;
				CLANG_WARN_EMPTY_BODY = YES;
				CLANG_WARN_ENUM_CONVERSION = YES;
				CLANG_WARN_INFINITE_RECURSION = YES;
				CLANG_WARN_INT_CONVERSION = YES;
				CLANG_WARN_OBJC_ROOT_CLASS = YES_ERROR;
				CLANG_WARN_SUSPICIOUS_MOVE = YES;
				CLANG_WARN_UNREACHABLE_CODE = YES;
				CLANG_WARN__DUPLICATE_METHOD_MATCH = YES;
				"CODE_SIGN_IDENTITY[sdk=iphoneos*]" = "iPhone Developer";
				COPY_PHASE_STRIP = NO;
				DEBUG_INFORMATION_FORMAT = dwarf;
				ENABLE_STRICT_OBJC_MSGSEND = YES;
				ENABLE_TESTABILITY = YES;
				GCC_C_LANGUAGE_STANDARD = gnu99;
				GCC_DYNAMIC_NO_PIC = NO;
				GCC_NO_COMMON_BLOCKS = YES;
				GCC_OPTIMIZATION_LEVEL = 0;
				GCC_PREPROCESSOR_DEFINITIONS = (
					"DEBUG=1",
					"$(inherited)",
				);
				GCC_WARN_64_TO_32_BIT_CONVERSION = YES;
				GCC_WARN_ABOUT_RETURN_TYPE = YES_ERROR;
				GCC_WARN_UNDECLARED_SELECTOR = YES;
				GCC_WARN_UNINITIALIZED_AUTOS = YES_AGGRESSIVE;
				GCC_WARN_UNUSED_FUNCTION = YES;
				GCC_WARN_UNUSED_VARIABLE = YES;
				IPHONEOS_DEPLOYMENT_TARGET = 10.3;
				MTL_ENABLE_DEBUG_INFO = YES;
				ONLY_ACTIVE_ARCH = YES;
				SDKROOT = iphoneos;
				SWIFT_ACTIVE_COMPILATION_CONDITIONS = DEBUG;
				SWIFT_OPTIMIZATION_LEVEL = "-Onone";
			};
			name = Debug;
		};
		29507B801FA8C57A00657E02 /* Release */ = {
			isa = XCBuildConfiguration;
			buildSettings = {
				ALWAYS_SEARCH_USER_PATHS = NO;
				CLANG_ANALYZER_NONNULL = YES;
				CLANG_ANALYZER_NUMBER_OBJECT_CONVERSION = YES_AGGRESSIVE;
				CLANG_CXX_LANGUAGE_STANDARD = "gnu++0x";
				CLANG_CXX_LIBRARY = "libc++";
				CLANG_ENABLE_MODULES = YES;
				CLANG_ENABLE_OBJC_ARC = YES;
				CLANG_WARN_BOOL_CONVERSION = YES;
				CLANG_WARN_CONSTANT_CONVERSION = YES;
				CLANG_WARN_DIRECT_OBJC_ISA_USAGE = YES_ERROR;
				CLANG_WARN_DOCUMENTATION_COMMENTS = YES;
				CLANG_WARN_EMPTY_BODY = YES;
				CLANG_WARN_ENUM_CONVERSION = YES;
				CLANG_WARN_INFINITE_RECURSION = YES;
				CLANG_WARN_INT_CONVERSION = YES;
				CLANG_WARN_OBJC_ROOT_CLASS = YES_ERROR;
				CLANG_WARN_SUSPICIOUS_MOVE = YES;
				CLANG_WARN_UNREACHABLE_CODE = YES;
				CLANG_WARN__DUPLICATE_METHOD_MATCH = YES;
				"CODE_SIGN_IDENTITY[sdk=iphoneos*]" = "iPhone Developer";
				COPY_PHASE_STRIP = NO;
				DEBUG_INFORMATION_FORMAT = "dwarf-with-dsym";
				ENABLE_NS_ASSERTIONS = NO;
				ENABLE_STRICT_OBJC_MSGSEND = YES;
				GCC_C_LANGUAGE_STANDARD = gnu99;
				GCC_NO_COMMON_BLOCKS = YES;
				GCC_WARN_64_TO_32_BIT_CONVERSION = YES;
				GCC_WARN_ABOUT_RETURN_TYPE = YES_ERROR;
				GCC_WARN_UNDECLARED_SELECTOR = YES;
				GCC_WARN_UNINITIALIZED_AUTOS = YES_AGGRESSIVE;
				GCC_WARN_UNUSED_FUNCTION = YES;
				GCC_WARN_UNUSED_VARIABLE = YES;
				IPHONEOS_DEPLOYMENT_TARGET = 10.3;
				MTL_ENABLE_DEBUG_INFO = NO;
				SDKROOT = iphoneos;
				SWIFT_OPTIMIZATION_LEVEL = "-Owholemodule";
				VALIDATE_PRODUCT = YES;
			};
			name = Release;
		};
		29507B821FA8C57A00657E02 /* Debug */ = {
			isa = XCBuildConfiguration;
			buildSettings = {
				ASSETCATALOG_COMPILER_APPICON_NAME = AppIcon;
				DEVELOPMENT_TEAM = AHRMY62794;
				INFOPLIST_FILE = ImageMoving/Info.plist;
				IPHONEOS_DEPLOYMENT_TARGET = 9.1;
				LD_RUNPATH_SEARCH_PATHS = "$(inherited) @executable_path/Frameworks";
				PRODUCT_BUNDLE_IDENTIFIER = VAPTech.ImageMoving;
				PRODUCT_NAME = "$(TARGET_NAME)";
				SWIFT_VERSION = 3.0;
			};
			name = Debug;
		};
		29507B831FA8C57A00657E02 /* Release */ = {
			isa = XCBuildConfiguration;
			buildSettings = {
				ASSETCATALOG_COMPILER_APPICON_NAME = AppIcon;
				DEVELOPMENT_TEAM = AHRMY62794;
				INFOPLIST_FILE = ImageMoving/Info.plist;
				IPHONEOS_DEPLOYMENT_TARGET = 9.1;
				LD_RUNPATH_SEARCH_PATHS = "$(inherited) @executable_path/Frameworks";
				PRODUCT_BUNDLE_IDENTIFIER = VAPTech.ImageMoving;
				PRODUCT_NAME = "$(TARGET_NAME)";
				SWIFT_VERSION = 3.0;
			};
			name = Release;
		};
		29507B851FA8C57A00657E02 /* Debug */ = {
			isa = XCBuildConfiguration;
			buildSettings = {
				ALWAYS_EMBED_SWIFT_STANDARD_LIBRARIES = YES;
				BUNDLE_LOADER = "$(TEST_HOST)";
				INFOPLIST_FILE = ImageMovingTests/Info.plist;
				LD_RUNPATH_SEARCH_PATHS = "$(inherited) @executable_path/Frameworks @loader_path/Frameworks";
				PRODUCT_BUNDLE_IDENTIFIER = VAPTech.ImageMovingTests;
				PRODUCT_NAME = "$(TARGET_NAME)";
				SWIFT_VERSION = 3.0;
				TEST_HOST = "$(BUILT_PRODUCTS_DIR)/ImageMoving.app/ImageMoving";
			};
			name = Debug;
		};
		29507B861FA8C57A00657E02 /* Release */ = {
			isa = XCBuildConfiguration;
			buildSettings = {
				ALWAYS_EMBED_SWIFT_STANDARD_LIBRARIES = YES;
				BUNDLE_LOADER = "$(TEST_HOST)";
				INFOPLIST_FILE = ImageMovingTests/Info.plist;
				LD_RUNPATH_SEARCH_PATHS = "$(inherited) @executable_path/Frameworks @loader_path/Frameworks";
				PRODUCT_BUNDLE_IDENTIFIER = VAPTech.ImageMovingTests;
				PRODUCT_NAME = "$(TARGET_NAME)";
				SWIFT_VERSION = 3.0;
				TEST_HOST = "$(BUILT_PRODUCTS_DIR)/ImageMoving.app/ImageMoving";
			};
			name = Release;
		};
		29507B881FA8C57A00657E02 /* Debug */ = {
			isa = XCBuildConfiguration;
			buildSettings = {
				ALWAYS_EMBED_SWIFT_STANDARD_LIBRARIES = YES;
				INFOPLIST_FILE = ImageMovingUITests/Info.plist;
				LD_RUNPATH_SEARCH_PATHS = "$(inherited) @executable_path/Frameworks @loader_path/Frameworks";
				PRODUCT_BUNDLE_IDENTIFIER = VAPTech.ImageMovingUITests;
				PRODUCT_NAME = "$(TARGET_NAME)";
				SWIFT_VERSION = 3.0;
				TEST_TARGET_NAME = ImageMoving;
			};
			name = Debug;
		};
		29507B891FA8C57A00657E02 /* Release */ = {
			isa = XCBuildConfiguration;
			buildSettings = {
				ALWAYS_EMBED_SWIFT_STANDARD_LIBRARIES = YES;
				INFOPLIST_FILE = ImageMovingUITests/Info.plist;
				LD_RUNPATH_SEARCH_PATHS = "$(inherited) @executable_path/Frameworks @loader_path/Frameworks";
				PRODUCT_BUNDLE_IDENTIFIER = VAPTech.ImageMovingUITests;
				PRODUCT_NAME = "$(TARGET_NAME)";
				SWIFT_VERSION = 3.0;
				TEST_TARGET_NAME = ImageMoving;
			};
			name = Release;
		};
/* End XCBuildConfiguration section */

/* Begin XCConfigurationList section */
		29507B541FA8C57A00657E02 /* Build configuration list for PBXProject "ImageMoving" */ = {
			isa = XCConfigurationList;
			buildConfigurations = (
				29507B7F1FA8C57A00657E02 /* Debug */,
				29507B801FA8C57A00657E02 /* Release */,
			);
			defaultConfigurationIsVisible = 0;
			defaultConfigurationName = Release;
		};
		29507B811FA8C57A00657E02 /* Build configuration list for PBXNativeTarget "ImageMoving" */ = {
			isa = XCConfigurationList;
			buildConfigurations = (
				29507B821FA8C57A00657E02 /* Debug */,
				29507B831FA8C57A00657E02 /* Release */,
			);
			defaultConfigurationIsVisible = 0;
			defaultConfigurationName = Release;
		};
		29507B841FA8C57A00657E02 /* Build configuration list for PBXNativeTarget "ImageMovingTests" */ = {
			isa = XCConfigurationList;
			buildConfigurations = (
				29507B851FA8C57A00657E02 /* Debug */,
				29507B861FA8C57A00657E02 /* Release */,
			);
			defaultConfigurationIsVisible = 0;
			defaultConfigurationName = Release;
		};
		29507B871FA8C57A00657E02 /* Build configuration list for PBXNativeTarget "ImageMovingUITests" */ = {
			isa = XCConfigurationList;
			buildConfigurations = (
				29507B881FA8C57A00657E02 /* Debug */,
				29507B891FA8C57A00657E02 /* Release */,
			);
			defaultConfigurationIsVisible = 0;
			defaultConfigurationName = Release;
		};
/* End XCConfigurationList section */
	};
	rootObject = 29507B511FA8C57A00657E02 /* Project object */;
}
